Microsoft Visual Studio Solution File, Format Version 11.00
# Visual Studio 2008

Project("{578F6B82-9ABD-7B98-4A84-65DEF59115CC}") = "Shaman", "Assembly-CSharp.csproj", "{CB2F0BF0-F521-F1DD-BC0E-C90A4E341582}"
EndProject
Global
	GlobalSection(SolutionConfigurationPlatforms) = preSolution
		Debug|Any CPU = Debug|Any CPU
		Release|Any CPU = Release|Any CPU
	EndGlobalSection
	GlobalSection(ProjectConfigurationPlatforms) = postSolution
		{CB2F0BF0-F521-F1DD-BC0E-C90A4E341582}.Debug|Any CPU.ActiveCfg = Debug|Any CPU
		{CB2F0BF0-F521-F1DD-BC0E-C90A4E341582}.Debug|Any CPU.Build.0 = Debug|Any CPU
		{CB2F0BF0-F521-F1DD-BC0E-C90A4E341582}.Release|Any CPU.ActiveCfg = Release|Any CPU
		{CB2F0BF0-F521-F1DD-BC0E-C90A4E341582}.Release|Any CPU.Build.0 = Release|Any CPU
	EndGlobalSection
	GlobalSection(SolutionProperties) = preSolution
		HideSolutionNode = FALSE
	EndGlobalSection
																																										GlobalSection(MonoDevelopProperties) = preSolution
		StartupItem = Assembly-CSharp.csproj
		Policies = $0
		$0.TextStylePolicy = $1
		$1.TabWidth = 5
		$1.IndentWidth = 5
		$1.inheritsSet = Mono
		$1.inheritsScope = text/plain
		$1.scope = text/x-csharp
		$0.CSharpFormattingPolicy = $2
		$2.IndentSwitchBody = True
		$2.NamespaceBraceStyle = EndOfLineWithoutSpace
		$2.ClassBraceStyle = EndOfLine
		$2.InterfaceBraceStyle = EndOfLineWithoutSpace
		$2.StructBraceStyle = EndOfLineWithoutSpace
		$2.EnumBraceStyle = EndOfLineWithoutSpace
		$2.MethodBraceStyle = EndOfLineWithoutSpace
		$2.AnonymousMethodBraceStyle = EndOfLineWithoutSpace
		$2.ConstructorBraceStyle = EndOfLineWithoutSpace
		$2.DestructorBraceStyle = EndOfLineWithoutSpace
		$2.ElseIfNewLinePlacement = SameLine
		$2.IfParentheses = False
		$2.WhileParentheses = False
		$2.ForParentheses = False
		$2.ForeachParentheses = False
		$2.inheritsSet = Mono
		$2.inheritsScope = text/x-csharp
		$2.scope = text/x-csharp
		$0.TextStylePolicy = $3
		$3.FileWidth = 120
		$3.TabsToSpaces = False
		$3.EolMarker = Unix
		$3.inheritsSet = VisualStudio
		$3.inheritsScope = text/plain
		$3.scope = text/plain
	EndGlobalSection

EndGlobal
